
Microsoft Visual Studio Solution File, Format Version 12.00
# Visual Studio Version 16
VisualStudioVersion = 16.0.30804.86
MinimumVisualStudioVersion = 10.0.40219.1
Project("{FAE04EC0-301F-11D3-BF4B-00C04F79EFBC}") = "ProjectChallenge3", "XUnitTestProject1\ProjectChallenge3.csproj", "{ABC678D6-285A-48EB-B3B6-57347484A011}"
EndProject
Global
	GlobalSection(SolutionConfigurationPlatforms) = preSolution
		Debug|Any CPU = Debug|Any CPU
		Release|Any CPU = Release|Any CPU
	EndGlobalSection
	GlobalSection(ProjectConfigurationPlatforms) = postSolution
		{ABC678D6-285A-48EB-B3B6-57347484A011}.Debug|Any CPU.ActiveCfg = Debug|Any CPU
		{ABC678D6-285A-48EB-B3B6-57347484A011}.Debug|Any CPU.Build.0 = Debug|Any CPU
		{ABC678D6-285A-48EB-B3B6-57347484A011}.Release|Any CPU.ActiveCfg = Release|Any CPU
		{ABC678D6-285A-48EB-B3B6-57347484A011}.Release|Any CPU.Build.0 = Release|Any CPU
	EndGlobalSection
	GlobalSection(SolutionProperties) = preSolution
		HideSolutionNode = FALSE
	EndGlobalSection
	GlobalSection(ExtensibilityGlobals) = postSolution
		SolutionGuid = {13F99F9C-89EF-4CFE-B438-5571D2F225C9}
	EndGlobalSection
EndGlobal
